// !$*UTF8*$!
{
	archiveVersion = 1;
	classes = {
	};
	objectVersion = 56;
	objects = {

/* Begin PBXBuildFile section */
		58D2B2882A081D8B00390C28 /* AppDelegate.swift in Sources */ = {isa = PBXBuildFile; fileRef = 58D2B2872A081D8B00390C28 /* AppDelegate.swift */; };
		58D2B28A2A081D8B00390C28 /* SceneDelegate.swift in Sources */ = {isa = PBXBuildFile; fileRef = 58D2B2892A081D8B00390C28 /* SceneDelegate.swift */; };
		58D2B28C2A081D8B00390C28 /* GameViewController.swift in Sources */ = {isa = PBXBuildFile; fileRef = 58D2B28B2A081D8B00390C28 /* GameViewController.swift */; };
		58D2B2912A081D8C00390C28 /* Assets.xcassets in Resources */ = {isa = PBXBuildFile; fileRef = 58D2B2902A081D8C00390C28 /* Assets.xcassets */; };
		58D2B29C2A081FD700390C28 /* GameScreen.swift in Sources */ = {isa = PBXBuildFile; fileRef = 58D2B29B2A081FD700390C28 /* GameScreen.swift */; };
		58D2B29E2A08233A00390C28 /* UIColor+Extention.swift in Sources */ = {isa = PBXBuildFile; fileRef = 58D2B29D2A08233A00390C28 /* UIColor+Extention.swift */; };
		58D2B2A02A082A1D00390C28 /* TileCell.swift in Sources */ = {isa = PBXBuildFile; fileRef = 58D2B29F2A082A1D00390C28 /* TileCell.swift */; };
		58DBC26F2A0A4B3F00995BA0 /* Tile.swift in Sources */ = {isa = PBXBuildFile; fileRef = 58DBC26E2A0A4B3F00995BA0 /* Tile.swift */; };
		58DBC2712A0A68A200995BA0 /* BoardServices.swift in Sources */ = {isa = PBXBuildFile; fileRef = 58DBC2702A0A68A200995BA0 /* BoardServices.swift */; };
		58DBC27A2A0AF33100995BA0 /* VictoryAlert.swift in Sources */ = {isa = PBXBuildFile; fileRef = 58DBC2792A0AF33100995BA0 /* VictoryAlert.swift */; };
		58DBC27C2A0AF35600995BA0 /* Alert.swift in Sources */ = {isa = PBXBuildFile; fileRef = 58DBC27B2A0AF35600995BA0 /* Alert.swift */; };
		58DBC27F2A0AF5B400995BA0 /* LoseAlert.swift in Sources */ = {isa = PBXBuildFile; fileRef = 58DBC27E2A0AF5B400995BA0 /* LoseAlert.swift */; };
		58DBC2842A0B5C5400995BA0 /* StatisticService.swift in Sources */ = {isa = PBXBuildFile; fileRef = 58DBC2832A0B5C5400995BA0 /* StatisticService.swift */; };
		58DBC2862A0B5C8900995BA0 /* GameRecord.swift in Sources */ = {isa = PBXBuildFile; fileRef = 58DBC2852A0B5C8900995BA0 /* GameRecord.swift */; };
		58DBC2882A0B5CEB00995BA0 /* StatisticServiceImplementation.swift in Sources */ = {isa = PBXBuildFile; fileRef = 58DBC2872A0B5CEB00995BA0 /* StatisticServiceImplementation.swift */; };
/* End PBXBuildFile section */

/* Begin PBXFileReference section */
		58D2B2842A081D8B00390C28 /* 2048g.app */ = {isa = PBXFileReference; explicitFileType = wrapper.application; includeInIndex = 0; path = 2048g.app; sourceTree = BUILT_PRODUCTS_DIR; };
		58D2B2872A081D8B00390C28 /* AppDelegate.swift */ = {isa = PBXFileReference; lastKnownFileType = sourcecode.swift; path = AppDelegate.swift; sourceTree = "<group>"; };
		58D2B2892A081D8B00390C28 /* SceneDelegate.swift */ = {isa = PBXFileReference; lastKnownFileType = sourcecode.swift; path = SceneDelegate.swift; sourceTree = "<group>"; };
		58D2B28B2A081D8B00390C28 /* GameViewController.swift */ = {isa = PBXFileReference; lastKnownFileType = sourcecode.swift; path = GameViewController.swift; sourceTree = "<group>"; };
		58D2B2902A081D8C00390C28 /* Assets.xcassets */ = {isa = PBXFileReference; lastKnownFileType = folder.assetcatalog; path = Assets.xcassets; sourceTree = "<group>"; };
		58D2B2952A081D8C00390C28 /* Info.plist */ = {isa = PBXFileReference; lastKnownFileType = text.plist.xml; path = Info.plist; sourceTree = "<group>"; };
		58D2B29B2A081FD700390C28 /* GameScreen.swift */ = {isa = PBXFileReference; lastKnownFileType = sourcecode.swift; path = GameScreen.swift; sourceTree = "<group>"; };
		58D2B29D2A08233A00390C28 /* UIColor+Extention.swift */ = {isa = PBXFileReference; lastKnownFileType = sourcecode.swift; path = "UIColor+Extention.swift"; sourceTree = "<group>"; };
		58D2B29F2A082A1D00390C28 /* TileCell.swift */ = {isa = PBXFileReference; lastKnownFileType = sourcecode.swift; path = TileCell.swift; sourceTree = "<group>"; };
		58DBC26E2A0A4B3F00995BA0 /* Tile.swift */ = {isa = PBXFileReference; lastKnownFileType = sourcecode.swift; path = Tile.swift; sourceTree = "<group>"; };
		58DBC2702A0A68A200995BA0 /* BoardServices.swift */ = {isa = PBXFileReference; lastKnownFileType = sourcecode.swift; path = BoardServices.swift; sourceTree = "<group>"; };
		58DBC2792A0AF33100995BA0 /* VictoryAlert.swift */ = {isa = PBXFileReference; lastKnownFileType = sourcecode.swift; path = VictoryAlert.swift; sourceTree = "<group>"; };
		58DBC27B2A0AF35600995BA0 /* Alert.swift */ = {isa = PBXFileReference; lastKnownFileType = sourcecode.swift; path = Alert.swift; sourceTree = "<group>"; };
		58DBC27E2A0AF5B400995BA0 /* LoseAlert.swift */ = {isa = PBXFileReference; lastKnownFileType = sourcecode.swift; path = LoseAlert.swift; sourceTree = "<group>"; };
		58DBC2832A0B5C5400995BA0 /* StatisticService.swift */ = {isa = PBXFileReference; lastKnownFileType = sourcecode.swift; path = StatisticService.swift; sourceTree = "<group>"; };
		58DBC2852A0B5C8900995BA0 /* GameRecord.swift */ = {isa = PBXFileReference; lastKnownFileType = sourcecode.swift; path = GameRecord.swift; sourceTree = "<group>"; };
		58DBC2872A0B5CEB00995BA0 /* StatisticServiceImplementation.swift */ = {isa = PBXFileReference; lastKnownFileType = sourcecode.swift; path = StatisticServiceImplementation.swift; sourceTree = "<group>"; };
/* End PBXFileReference section */

/* Begin PBXFrameworksBuildPhase section */
		58D2B2812A081D8B00390C28 /* Frameworks */ = {
			isa = PBXFrameworksBuildPhase;
			buildActionMask = 2147483647;
			files = (
			);
			runOnlyForDeploymentPostprocessing = 0;
		};
/* End PBXFrameworksBuildPhase section */

/* Begin PBXGroup section */
		58D2B27B2A081D8B00390C28 = {
			isa = PBXGroup;
			children = (
				58D2B2862A081D8B00390C28 /* 2048g */,
				58D2B2852A081D8B00390C28 /* Products */,
			);
			sourceTree = "<group>";
		};
		58D2B2852A081D8B00390C28 /* Products */ = {
			isa = PBXGroup;
			children = (
				58D2B2842A081D8B00390C28 /* 2048g.app */,
			);
			name = Products;
			sourceTree = "<group>";
		};
		58D2B2862A081D8B00390C28 /* 2048g */ = {
			isa = PBXGroup;
			children = (
				58DBC2722A0A755B00995BA0 /* Application */,
				58DBC2782A0AF20C00995BA0 /* Presentation */,
				58DBC2772A0AF20200995BA0 /* Services */,
				58DBC2752A0A759B00995BA0 /* Models */,
				58DBC2742A0A757200995BA0 /* Resources */,
				58DBC2732A0A756B00995BA0 /* Helpers */,
				58D2B2952A081D8C00390C28 /* Info.plist */,
			);
			path = 2048g;
			sourceTree = "<group>";
		};
		58DBC2722A0A755B00995BA0 /* Application */ = {
			isa = PBXGroup;
			children = (
				58D2B2872A081D8B00390C28 /* AppDelegate.swift */,
				58D2B2892A081D8B00390C28 /* SceneDelegate.swift */,
			);
			path = Application;
			sourceTree = "<group>";
		};
		58DBC2732A0A756B00995BA0 /* Helpers */ = {
			isa = PBXGroup;
			children = (
				58D2B29D2A08233A00390C28 /* UIColor+Extention.swift */,
			);
			path = Helpers;
			sourceTree = "<group>";
		};
		58DBC2742A0A757200995BA0 /* Resources */ = {
			isa = PBXGroup;
			children = (
				58D2B2902A081D8C00390C28 /* Assets.xcassets */,
			);
			path = Resources;
			sourceTree = "<group>";
		};
		58DBC2752A0A759B00995BA0 /* Models */ = {
			isa = PBXGroup;
			children = (
				58DBC26E2A0A4B3F00995BA0 /* Tile.swift */,
				58DBC2852A0B5C8900995BA0 /* GameRecord.swift */,
			);
			path = Models;
			sourceTree = "<group>";
		};
		58DBC2762A0A75AD00995BA0 /* TileCell */ = {
			isa = PBXGroup;
			children = (
				58D2B29F2A082A1D00390C28 /* TileCell.swift */,
			);
			path = TileCell;
			sourceTree = "<group>";
		};
		58DBC2772A0AF20200995BA0 /* Services */ = {
			isa = PBXGroup;
			children = (
				58DBC2702A0A68A200995BA0 /* BoardServices.swift */,
				58DBC27D2A0AF57A00995BA0 /* AlertPresenter */,
				58DBC2892A0B5F8700995BA0 /* StatisticService */,
			);
			path = Services;
			sourceTree = "<group>";
		};
		58DBC2782A0AF20C00995BA0 /* Presentation */ = {
			isa = PBXGroup;
			children = (
				58D2B29B2A081FD700390C28 /* GameScreen.swift */,
				58D2B28B2A081D8B00390C28 /* GameViewController.swift */,
				58DBC2762A0A75AD00995BA0 /* TileCell */,
			);
			path = Presentation;
			sourceTree = "<group>";
		};
		58DBC27D2A0AF57A00995BA0 /* AlertPresenter */ = {
			isa = PBXGroup;
			children = (
				58DBC2822A0B0B8B00995BA0 /* Model */,
				58DBC2802A0B0B6F00995BA0 /* VictoryAlert */,
				58DBC2812A0B0B8100995BA0 /* LoseAlert */,
			);
			path = AlertPresenter;
			sourceTree = "<group>";
		};
		58DBC2802A0B0B6F00995BA0 /* VictoryAlert */ = {
			isa = PBXGroup;
			children = (
				58DBC2792A0AF33100995BA0 /* VictoryAlert.swift */,
			);
			path = VictoryAlert;
			sourceTree = "<group>";
		};
		58DBC2812A0B0B8100995BA0 /* LoseAlert */ = {
			isa = PBXGroup;
			children = (
				58DBC27E2A0AF5B400995BA0 /* LoseAlert.swift */,
			);
			path = LoseAlert;
			sourceTree = "<group>";
		};
		58DBC2822A0B0B8B00995BA0 /* Model */ = {
			isa = PBXGroup;
			children = (
				58DBC27B2A0AF35600995BA0 /* Alert.swift */,
			);
			path = Model;
			sourceTree = "<group>";
		};
		58DBC2892A0B5F8700995BA0 /* StatisticService */ = {
			isa = PBXGroup;
			children = (
				58DBC2832A0B5C5400995BA0 /* StatisticService.swift */,
				58DBC2872A0B5CEB00995BA0 /* StatisticServiceImplementation.swift */,
			);
			path = StatisticService;
			sourceTree = "<group>";
		};
/* End PBXGroup section */

/* Begin PBXNativeTarget section */
		58D2B2832A081D8B00390C28 /* 2048g */ = {
			isa = PBXNativeTarget;
			buildConfigurationList = 58D2B2982A081D8C00390C28 /* Build configuration list for PBXNativeTarget "2048g" */;
			buildPhases = (
				58D2B2802A081D8B00390C28 /* Sources */,
				58D2B2812A081D8B00390C28 /* Frameworks */,
				58D2B2822A081D8B00390C28 /* Resources */,
			);
			buildRules = (
			);
			dependencies = (
			);
			name = 2048g;
			productName = 2048g;
			productReference = 58D2B2842A081D8B00390C28 /* 2048g.app */;
			productType = "com.apple.product-type.application";
		};
/* End PBXNativeTarget section */

/* Begin PBXProject section */
		58D2B27C2A081D8B00390C28 /* Project object */ = {
			isa = PBXProject;
			attributes = {
				BuildIndependentTargetsInParallel = 1;
				LastSwiftUpdateCheck = 1420;
				LastUpgradeCheck = 1420;
				TargetAttributes = {
					58D2B2832A081D8B00390C28 = {
						CreatedOnToolsVersion = 14.2;
					};
				};
			};
			buildConfigurationList = 58D2B27F2A081D8B00390C28 /* Build configuration list for PBXProject "2048g" */;
			compatibilityVersion = "Xcode 14.0";
			developmentRegion = en;
			hasScannedForEncodings = 0;
			knownRegions = (
				en,
				Base,
			);
			mainGroup = 58D2B27B2A081D8B00390C28;
			productRefGroup = 58D2B2852A081D8B00390C28 /* Products */;
			projectDirPath = "";
			projectRoot = "";
			targets = (
				58D2B2832A081D8B00390C28 /* 2048g */,
			);
		};
/* End PBXProject section */

/* Begin PBXResourcesBuildPhase section */
		58D2B2822A081D8B00390C28 /* Resources */ = {
			isa = PBXResourcesBuildPhase;
			buildActionMask = 2147483647;
			files = (
				58D2B2912A081D8C00390C28 /* Assets.xcassets in Resources */,
			);
			runOnlyForDeploymentPostprocessing = 0;
		};
/* End PBXResourcesBuildPhase section */

/* Begin PBXSourcesBuildPhase section */
		58D2B2802A081D8B00390C28 /* Sources */ = {
			isa = PBXSourcesBuildPhase;
			buildActionMask = 2147483647;
			files = (
				58DBC2862A0B5C8900995BA0 /* GameRecord.swift in Sources */,
				58D2B29C2A081FD700390C28 /* GameScreen.swift in Sources */,
				58D2B28C2A081D8B00390C28 /* GameViewController.swift in Sources */,
				58DBC2712A0A68A200995BA0 /* BoardServices.swift in Sources */,
				58D2B29E2A08233A00390C28 /* UIColor+Extention.swift in Sources */,
				58DBC26F2A0A4B3F00995BA0 /* Tile.swift in Sources */,
				58DBC27F2A0AF5B400995BA0 /* LoseAlert.swift in Sources */,
				58D2B2882A081D8B00390C28 /* AppDelegate.swift in Sources */,
				58D2B28A2A081D8B00390C28 /* SceneDelegate.swift in Sources */,
				58DBC27A2A0AF33100995BA0 /* VictoryAlert.swift in Sources */,
				58DBC2882A0B5CEB00995BA0 /* StatisticServiceImplementation.swift in Sources */,
				58DBC27C2A0AF35600995BA0 /* Alert.swift in Sources */,
				58DBC2842A0B5C5400995BA0 /* StatisticService.swift in Sources */,
				58D2B2A02A082A1D00390C28 /* TileCell.swift in Sources */,
			);
			runOnlyForDeploymentPostprocessing = 0;
		};
/* End PBXSourcesBuildPhase section */

/* Begin XCBuildConfiguration section */
		58D2B2962A081D8C00390C28 /* Debug */ = {
			isa = XCBuildConfiguration;
			buildSettings = {
				ALWAYS_SEARCH_USER_PATHS = NO;
				CLANG_ANALYZER_NONNULL = YES;
				CLANG_ANALYZER_NUMBER_OBJECT_CONVERSION = YES_AGGRESSIVE;
				CLANG_CXX_LANGUAGE_STANDARD = "gnu++20";
				CLANG_ENABLE_MODULES = YES;
				CLANG_ENABLE_OBJC_ARC = YES;
				CLANG_ENABLE_OBJC_WEAK = YES;
				CLANG_WARN_BLOCK_CAPTURE_AUTORELEASING = YES;
				CLANG_WARN_BOOL_CONVERSION = YES;
				CLANG_WARN_COMMA = YES;
				CLANG_WARN_CONSTANT_CONVERSION = YES;
				CLANG_WARN_DEPRECATED_OBJC_IMPLEMENTATIONS = YES;
				CLANG_WARN_DIRECT_OBJC_ISA_USAGE = YES_ERROR;
				CLANG_WARN_DOCUMENTATION_COMMENTS = YES;
				CLANG_WARN_EMPTY_BODY = YES;
				CLANG_WARN_ENUM_CONVERSION = YES;
				CLANG_WARN_INFINITE_RECURSION = YES;
				CLANG_WARN_INT_CONVERSION = YES;
				CLANG_WARN_NON_LITERAL_NULL_CONVERSION = YES;
				CLANG_WARN_OBJC_IMPLICIT_RETAIN_SELF = YES;
				CLANG_WARN_OBJC_LITERAL_CONVERSION = YES;
				CLANG_WARN_OBJC_ROOT_CLASS = YES_ERROR;
				CLANG_WARN_QUOTED_INCLUDE_IN_FRAMEWORK_HEADER = YES;
				CLANG_WARN_RANGE_LOOP_ANALYSIS = YES;
				CLANG_WARN_STRICT_PROTOTYPES = YES;
				CLANG_WARN_SUSPICIOUS_MOVE = YES;
				CLANG_WARN_UNGUARDED_AVAILABILITY = YES_AGGRESSIVE;
				CLANG_WARN_UNREACHABLE_CODE = YES;
				CLANG_WARN__DUPLICATE_METHOD_MATCH = YES;
				COPY_PHASE_STRIP = NO;
				DEBUG_INFORMATION_FORMAT = dwarf;
				ENABLE_STRICT_OBJC_MSGSEND = YES;
				ENABLE_TESTABILITY = YES;
				GCC_C_LANGUAGE_STANDARD = gnu11;
				GCC_DYNAMIC_NO_PIC = NO;
				GCC_NO_COMMON_BLOCKS = YES;
				GCC_OPTIMIZATION_LEVEL = 0;
				GCC_PREPROCESSOR_DEFINITIONS = (
					"DEBUG=1",
					"$(inherited)",
				);
				GCC_WARN_64_TO_32_BIT_CONVERSION = YES;
				GCC_WARN_ABOUT_RETURN_TYPE = YES_ERROR;
				GCC_WARN_UNDECLARED_SELECTOR = YES;
				GCC_WARN_UNINITIALIZED_AUTOS = YES_AGGRESSIVE;
				GCC_WARN_UNUSED_FUNCTION = YES;
				GCC_WARN_UNUSED_VARIABLE = YES;
				IPHONEOS_DEPLOYMENT_TARGET = 16.2;
				MTL_ENABLE_DEBUG_INFO = INCLUDE_SOURCE;
				MTL_FAST_MATH = YES;
				ONLY_ACTIVE_ARCH = YES;
				SDKROOT = iphoneos;
				SWIFT_ACTIVE_COMPILATION_CONDITIONS = DEBUG;
				SWIFT_OPTIMIZATION_LEVEL = "-Onone";
			};
			name = Debug;
		};
		58D2B2972A081D8C00390C28 /* Release */ = {
			isa = XCBuildConfiguration;
			buildSettings = {
				ALWAYS_SEARCH_USER_PATHS = NO;
				CLANG_ANALYZER_NONNULL = YES;
				CLANG_ANALYZER_NUMBER_OBJECT_CONVERSION = YES_AGGRESSIVE;
				CLANG_CXX_LANGUAGE_STANDARD = "gnu++20";
				CLANG_ENABLE_MODULES = YES;
				CLANG_ENABLE_OBJC_ARC = YES;
				CLANG_ENABLE_OBJC_WEAK = YES;
				CLANG_WARN_BLOCK_CAPTURE_AUTORELEASING = YES;
				CLANG_WARN_BOOL_CONVERSION = YES;
				CLANG_WARN_COMMA = YES;
				CLANG_WARN_CONSTANT_CONVERSION = YES;
				CLANG_WARN_DEPRECATED_OBJC_IMPLEMENTATIONS = YES;
				CLANG_WARN_DIRECT_OBJC_ISA_USAGE = YES_ERROR;
				CLANG_WARN_DOCUMENTATION_COMMENTS = YES;
				CLANG_WARN_EMPTY_BODY = YES;
				CLANG_WARN_ENUM_CONVERSION = YES;
				CLANG_WARN_INFINITE_RECURSION = YES;
				CLANG_WARN_INT_CONVERSION = YES;
				CLANG_WARN_NON_LITERAL_NULL_CONVERSION = YES;
				CLANG_WARN_OBJC_IMPLICIT_RETAIN_SELF = YES;
				CLANG_WARN_OBJC_LITERAL_CONVERSION = YES;
				CLANG_WARN_OBJC_ROOT_CLASS = YES_ERROR;
				CLANG_WARN_QUOTED_INCLUDE_IN_FRAMEWORK_HEADER = YES;
				CLANG_WARN_RANGE_LOOP_ANALYSIS = YES;
				CLANG_WARN_STRICT_PROTOTYPES = YES;
				CLANG_WARN_SUSPICIOUS_MOVE = YES;
				CLANG_WARN_UNGUARDED_AVAILABILITY = YES_AGGRESSIVE;
				CLANG_WARN_UNREACHABLE_CODE = YES;
				CLANG_WARN__DUPLICATE_METHOD_MATCH = YES;
				COPY_PHASE_STRIP = NO;
				DEBUG_INFORMATION_FORMAT = "dwarf-with-dsym";
				ENABLE_NS_ASSERTIONS = NO;
				ENABLE_STRICT_OBJC_MSGSEND = YES;
				GCC_C_LANGUAGE_STANDARD = gnu11;
				GCC_NO_COMMON_BLOCKS = YES;
				GCC_WARN_64_TO_32_BIT_CONVERSION = YES;
				GCC_WARN_ABOUT_RETURN_TYPE = YES_ERROR;
				GCC_WARN_UNDECLARED_SELECTOR = YES;
				GCC_WARN_UNINITIALIZED_AUTOS = YES_AGGRESSIVE;
				GCC_WARN_UNUSED_FUNCTION = YES;
				GCC_WARN_UNUSED_VARIABLE = YES;
				IPHONEOS_DEPLOYMENT_TARGET = 16.2;
				MTL_ENABLE_DEBUG_INFO = NO;
				MTL_FAST_MATH = YES;
				SDKROOT = iphoneos;
				SWIFT_COMPILATION_MODE = wholemodule;
				SWIFT_OPTIMIZATION_LEVEL = "-O";
				VALIDATE_PRODUCT = YES;
			};
			name = Release;
		};
		58D2B2992A081D8C00390C28 /* Debug */ = {
			isa = XCBuildConfiguration;
			buildSettings = {
				ASSETCATALOG_COMPILER_APPICON_NAME = AppIcon;
				ASSETCATALOG_COMPILER_GLOBAL_ACCENT_COLOR_NAME = AccentColor;
				CODE_SIGN_STYLE = Automatic;
				CURRENT_PROJECT_VERSION = 1;
				GENERATE_INFOPLIST_FILE = YES;
				INFOPLIST_FILE = 2048g/Info.plist;
				INFOPLIST_KEY_UIApplicationSupportsIndirectInputEvents = YES;
				INFOPLIST_KEY_UILaunchStoryboardName = LaunchScreen;
				INFOPLIST_KEY_UISupportedInterfaceOrientations = UIInterfaceOrientationPortrait;
				INFOPLIST_KEY_UISupportedInterfaceOrientations_iPad = "UIInterfaceOrientationLandscapeLeft UIInterfaceOrientationLandscapeRight UIInterfaceOrientationPortrait UIInterfaceOrientationPortraitUpsideDown";
				IPHONEOS_DEPLOYMENT_TARGET = 13;
				LD_RUNPATH_SEARCH_PATHS = (
					"$(inherited)",
					"@executable_path/Frameworks",
				);
				MARKETING_VERSION = 1.0;
				PRODUCT_BUNDLE_IDENTIFIER = "ru.ryan.development.-048g";
				PRODUCT_NAME = "$(TARGET_NAME)";
				SUPPORTED_PLATFORMS = "iphoneos iphonesimulator";
				SUPPORTS_MACCATALYST = NO;
				SUPPORTS_MAC_DESIGNED_FOR_IPHONE_IPAD = NO;
				SWIFT_EMIT_LOC_STRINGS = YES;
				SWIFT_VERSION = 5.0;
				TARGETED_DEVICE_FAMILY = 1;
			};
			name = Debug;
		};
		58D2B29A2A081D8C00390C28 /* Release */ = {
			isa = XCBuildConfiguration;
			buildSettings = {
				ASSETCATALOG_COMPILER_APPICON_NAME = AppIcon;
				ASSETCATALOG_COMPILER_GLOBAL_ACCENT_COLOR_NAME = AccentColor;
				CODE_SIGN_STYLE = Automatic;
				CURRENT_PROJECT_VERSION = 1;
				GENERATE_INFOPLIST_FILE = YES;
				INFOPLIST_FILE = 2048g/Info.plist;
				INFOPLIST_KEY_UIApplicationSupportsIndirectInputEvents = YES;
				INFOPLIST_KEY_UILaunchStoryboardName = LaunchScreen;
				INFOPLIST_KEY_UISupportedInterfaceOrientations = UIInterfaceOrientationPortrait;
				INFOPLIST_KEY_UISupportedInterfaceOrientations_iPad = "UIInterfaceOrientationLandscapeLeft UIInterfaceOrientationLandscapeRight UIInterfaceOrientationPortrait UIInterfaceOrientationPortraitUpsideDown";
				IPHONEOS_DEPLOYMENT_TARGET = 13;
				LD_RUNPATH_SEARCH_PATHS = (
					"$(inherited)",
					"@executable_path/Frameworks",
				);
				MARKETING_VERSION = 1.0;
				PRODUCT_BUNDLE_IDENTIFIER = "ru.ryan.development.-048g";
				PRODUCT_NAME = "$(TARGET_NAME)";
				SUPPORTED_PLATFORMS = "iphoneos iphonesimulator";
				SUPPORTS_MACCATALYST = NO;
				SUPPORTS_MAC_DESIGNED_FOR_IPHONE_IPAD = NO;
				SWIFT_EMIT_LOC_STRINGS = YES;
				SWIFT_VERSION = 5.0;
				TARGETED_DEVICE_FAMILY = 1;
			};
			name = Release;
		};
/* End XCBuildConfiguration section */

/* Begin XCConfigurationList section */
		58D2B27F2A081D8B00390C28 /* Build configuration list for PBXProject "2048g" */ = {
			isa = XCConfigurationList;
			buildConfigurations = (
				58D2B2962A081D8C00390C28 /* Debug */,
				58D2B2972A081D8C00390C28 /* Release */,
			);
			defaultConfigurationIsVisible = 0;
			defaultConfigurationName = Release;
		};
		58D2B2982A081D8C00390C28 /* Build configuration list for PBXNativeTarget "2048g" */ = {
			isa = XCConfigurationList;
			buildConfigurations = (
				58D2B2992A081D8C00390C28 /* Debug */,
				58D2B29A2A081D8C00390C28 /* Release */,
			);
			defaultConfigurationIsVisible = 0;
			defaultConfigurationName = Release;
		};
/* End XCConfigurationList section */
	};
	rootObject = 58D2B27C2A081D8B00390C28 /* Project object */;
}
